
Microsoft Visual Studio Solution File, Format Version 12.00
# Visual Studio 15
VisualStudioVersion = 15.0.26730.10
MinimumVisualStudioVersion = 10.0.40219.1
Project("{888888A0-9F3D-457C-B088-3A5042F75D52}") = "3", "3\3.pyproj", "{B29E8F06-67CC-4F2E-A2C2-8F1901CA6B3D}"
EndProject
Global
	GlobalSection(SolutionConfigurationPlatforms) = preSolution
		Debug|Any CPU = Debug|Any CPU
		Release|Any CPU = Release|Any CPU
	EndGlobalSection
	GlobalSection(ProjectConfigurationPlatforms) = postSolution
		{B29E8F06-67CC-4F2E-A2C2-8F1901CA6B3D}.Debug|Any CPU.ActiveCfg = Debug|Any CPU
		{B29E8F06-67CC-4F2E-A2C2-8F1901CA6B3D}.Release|Any CPU.ActiveCfg = Release|Any CPU
	EndGlobalSection
	GlobalSection(SolutionProperties) = preSolution
		HideSolutionNode = FALSE
	EndGlobalSection
	GlobalSection(ExtensibilityGlobals) = postSolution
		SolutionGuid = {D6C2AAD2-AD87-4BDA-810A-B5B618086338}
	EndGlobalSection
EndGlobal
