
Microsoft Visual Studio Solution File, Format Version 12.00
# Visual Studio 15
VisualStudioVersion = 15.0.26730.8
MinimumVisualStudioVersion = 10.0.40219.1
Project("{888888A0-9F3D-457C-B088-3A5042F75D52}") = "3_1", "3_1\3_1.pyproj", "{0FC1B4BA-1596-4C09-9A4D-D4C0A2AD8667}"
EndProject
Global
	GlobalSection(SolutionConfigurationPlatforms) = preSolution
		Debug|Any CPU = Debug|Any CPU
		Release|Any CPU = Release|Any CPU
	EndGlobalSection
	GlobalSection(ProjectConfigurationPlatforms) = postSolution
		{0FC1B4BA-1596-4C09-9A4D-D4C0A2AD8667}.Debug|Any CPU.ActiveCfg = Debug|Any CPU
		{0FC1B4BA-1596-4C09-9A4D-D4C0A2AD8667}.Release|Any CPU.ActiveCfg = Release|Any CPU
	EndGlobalSection
	GlobalSection(SolutionProperties) = preSolution
		HideSolutionNode = FALSE
	EndGlobalSection
	GlobalSection(ExtensibilityGlobals) = postSolution
		SolutionGuid = {E3952E12-E041-47DA-BAF4-8670B494A884}
	EndGlobalSection
EndGlobal
